
Microsoft Visual Studio Solution File, Format Version 12.00
# Visual Studio 2017
Project("{FAE04EC0-301F-11D3-BF4B-00C04F79EFBC}") = "HelloAR2", "HelloAR2.csproj", "{F2DAB41E-03E4-0B94-7AC4-33D6B3EC01FD}"
EndProject
Global
	GlobalSection(SolutionConfigurationPlatforms) = preSolution
		Debug|Any CPU = Debug|Any CPU
		Release|Any CPU = Release|Any CPU
	EndGlobalSection
	GlobalSection(ProjectConfigurationPlatforms) = postSolution
		{F2DAB41E-03E4-0B94-7AC4-33D6B3EC01FD}.Debug|Any CPU.ActiveCfg = Debug|Any CPU
		{F2DAB41E-03E4-0B94-7AC4-33D6B3EC01FD}.Debug|Any CPU.Build.0 = Debug|Any CPU
		{F2DAB41E-03E4-0B94-7AC4-33D6B3EC01FD}.Release|Any CPU.ActiveCfg = Release|Any CPU
		{F2DAB41E-03E4-0B94-7AC4-33D6B3EC01FD}.Release|Any CPU.Build.0 = Release|Any CPU
	EndGlobalSection
	GlobalSection(SolutionProperties) = preSolution
		HideSolutionNode = FALSE
	EndGlobalSection
EndGlobal
